
Microsoft Visual Studio Solution File, Format Version 12.00
# Visual Studio Version 17
VisualStudioVersion = 17.12.35728.132
MinimumVisualStudioVersion = 10.0.40219.1
Project("{FAE04EC0-301F-11D3-BF4B-00C04F79EFBC}") = "ConsoleGems", "ConsoleGems\ConsoleGems.csproj", "{C1B8F16A-0ADA-436D-8BB6-8ED8F0FDDEE0}"
EndProject
Project("{2150E333-8FDC-42A3-9474-1A3956D46DE8}") = "Solution Items", "Solution Items", "{4252A088-2036-4031-8B81-3A659B2AF568}"
	ProjectSection(SolutionItems) = preProject
		.gitignore = .gitignore
		.github\workflows\allow-pr-only-from-epic-branches.yml = .github\workflows\allow-pr-only-from-epic-branches.yml
		CONTRIBUTING.md = CONTRIBUTING.md
		.github\workflows\dotnet.yml = .github\workflows\dotnet.yml
		.github\workflows\FailIfInsufficientCodeCoverage.ps1 = .github\workflows\FailIfInsufficientCodeCoverage.ps1
		GlobalSuppressions.cs = GlobalSuppressions.cs
		LICENSE = LICENSE
		README.md = README.md
	EndProjectSection
EndProject
Project("{FAE04EC0-301F-11D3-BF4B-00C04F79EFBC}") = "ConsoleGems.Test", "ConsoleGems.Test\ConsoleGems.Test.csproj", "{2C87DAF3-9AB7-489A-95DB-4702B5829253}"
EndProject
Project("{2150E333-8FDC-42A3-9474-1A3956D46DE8}") = "Demos", "Demos", "{18D6BC24-D99B-4E24-914F-078BDBCBF253}"
EndProject
Project("{FAE04EC0-301F-11D3-BF4B-00C04F79EFBC}") = "ConsoleGems.AutoCompleteDemo", "Demos\ConsoleGems.AutoCompleteDemo\ConsoleGems.AutoCompleteDemo.csproj", "{3BAB1E85-CDD8-4517-B839-12F0AAC5632A}"
EndProject
Project("{FAE04EC0-301F-11D3-BF4B-00C04F79EFBC}") = "ConsoleGems.ColoursDemo", "Demos\ConsoleGems.ColoursDemo\ConsoleGems.ColoursDemo.csproj", "{BDA58840-B487-47E5-BD7B-A7799D4E117C}"
EndProject
Project("{FAE04EC0-301F-11D3-BF4B-00C04F79EFBC}") = "ConsoleGems.MenusDemo", "Demos\ConsoleGems.MenusDemo\ConsoleGems.MenusDemo.csproj", "{E6950193-D2F5-421B-9F69-B02125FE28C6}"
EndProject
Project("{FAE04EC0-301F-11D3-BF4B-00C04F79EFBC}") = "MazeGame", "Demos\MazeGame\MazeGame.csproj", "{16DF1412-E657-84C9-5AF5-1E3353EA88ED}"
EndProject
Project("{FAE04EC0-301F-11D3-BF4B-00C04F79EFBC}") = "MazeGame.Test", "Demos\MazeGame.Test\MazeGame.Test.csproj", "{05A74603-894D-43AD-88F6-31A04694A50D}"
EndProject
Project("{2150E333-8FDC-42A3-9474-1A3956D46DE8}") = "MazeGame", "MazeGame", "{02EA681E-C7D8-13C7-8484-4AC65E1B71E8}"
EndProject
Project("{FAE04EC0-301F-11D3-BF4B-00C04F79EFBC}") = "ConsoleGems.GamesDemo", "Demos\ConsoleGems.GamesDemo\ConsoleGems.GamesDemo.csproj", "{66C9EF65-0DFF-41DF-C506-9BD61AD18551}"
EndProject
Project("{2150E333-8FDC-42A3-9474-1A3956D46DE8}") = "SnakeGame", "SnakeGame", "{89A16A34-C838-4669-995D-39034410EC90}"
EndProject
Project("{FAE04EC0-301F-11D3-BF4B-00C04F79EFBC}") = "SnakeGame", "Demos\SnakeGame\SnakeGame.csproj", "{4B9B8982-F7DA-4680-9C34-6C9E18B3F419}"
EndProject
Project("{FAE04EC0-301F-11D3-BF4B-00C04F79EFBC}") = "SnakeGame.Test", "Demos\SnakeGame.Test\SnakeGame.Test.csproj", "{E8126250-CCCF-40F3-B08B-A7E6E0923382}"
EndProject
Global
	GlobalSection(SolutionConfigurationPlatforms) = preSolution
		Debug|Any CPU = Debug|Any CPU
		Release|Any CPU = Release|Any CPU
	EndGlobalSection
	GlobalSection(ProjectConfigurationPlatforms) = postSolution
		{C1B8F16A-0ADA-436D-8BB6-8ED8F0FDDEE0}.Debug|Any CPU.ActiveCfg = Debug|Any CPU
		{C1B8F16A-0ADA-436D-8BB6-8ED8F0FDDEE0}.Debug|Any CPU.Build.0 = Debug|Any CPU
		{C1B8F16A-0ADA-436D-8BB6-8ED8F0FDDEE0}.Release|Any CPU.ActiveCfg = Release|Any CPU
		{C1B8F16A-0ADA-436D-8BB6-8ED8F0FDDEE0}.Release|Any CPU.Build.0 = Release|Any CPU
		{2C87DAF3-9AB7-489A-95DB-4702B5829253}.Debug|Any CPU.ActiveCfg = Debug|Any CPU
		{2C87DAF3-9AB7-489A-95DB-4702B5829253}.Debug|Any CPU.Build.0 = Debug|Any CPU
		{2C87DAF3-9AB7-489A-95DB-4702B5829253}.Release|Any CPU.ActiveCfg = Release|Any CPU
		{2C87DAF3-9AB7-489A-95DB-4702B5829253}.Release|Any CPU.Build.0 = Release|Any CPU
		{3BAB1E85-CDD8-4517-B839-12F0AAC5632A}.Debug|Any CPU.ActiveCfg = Debug|Any CPU
		{3BAB1E85-CDD8-4517-B839-12F0AAC5632A}.Debug|Any CPU.Build.0 = Debug|Any CPU
		{3BAB1E85-CDD8-4517-B839-12F0AAC5632A}.Release|Any CPU.ActiveCfg = Release|Any CPU
		{3BAB1E85-CDD8-4517-B839-12F0AAC5632A}.Release|Any CPU.Build.0 = Release|Any CPU
		{BDA58840-B487-47E5-BD7B-A7799D4E117C}.Debug|Any CPU.ActiveCfg = Debug|Any CPU
		{BDA58840-B487-47E5-BD7B-A7799D4E117C}.Debug|Any CPU.Build.0 = Debug|Any CPU
		{BDA58840-B487-47E5-BD7B-A7799D4E117C}.Release|Any CPU.ActiveCfg = Release|Any CPU
		{BDA58840-B487-47E5-BD7B-A7799D4E117C}.Release|Any CPU.Build.0 = Release|Any CPU
		{E6950193-D2F5-421B-9F69-B02125FE28C6}.Debug|Any CPU.ActiveCfg = Debug|Any CPU
		{E6950193-D2F5-421B-9F69-B02125FE28C6}.Debug|Any CPU.Build.0 = Debug|Any CPU
		{E6950193-D2F5-421B-9F69-B02125FE28C6}.Release|Any CPU.ActiveCfg = Release|Any CPU
		{E6950193-D2F5-421B-9F69-B02125FE28C6}.Release|Any CPU.Build.0 = Release|Any CPU
		{16DF1412-E657-84C9-5AF5-1E3353EA88ED}.Debug|Any CPU.ActiveCfg = Debug|Any CPU
		{16DF1412-E657-84C9-5AF5-1E3353EA88ED}.Debug|Any CPU.Build.0 = Debug|Any CPU
		{16DF1412-E657-84C9-5AF5-1E3353EA88ED}.Release|Any CPU.ActiveCfg = Release|Any CPU
		{16DF1412-E657-84C9-5AF5-1E3353EA88ED}.Release|Any CPU.Build.0 = Release|Any CPU
		{05A74603-894D-43AD-88F6-31A04694A50D}.Debug|Any CPU.ActiveCfg = Debug|Any CPU
		{05A74603-894D-43AD-88F6-31A04694A50D}.Debug|Any CPU.Build.0 = Debug|Any CPU
		{05A74603-894D-43AD-88F6-31A04694A50D}.Release|Any CPU.ActiveCfg = Release|Any CPU
		{05A74603-894D-43AD-88F6-31A04694A50D}.Release|Any CPU.Build.0 = Release|Any CPU
		{66C9EF65-0DFF-41DF-C506-9BD61AD18551}.Debug|Any CPU.ActiveCfg = Debug|Any CPU
		{66C9EF65-0DFF-41DF-C506-9BD61AD18551}.Debug|Any CPU.Build.0 = Debug|Any CPU
		{66C9EF65-0DFF-41DF-C506-9BD61AD18551}.Release|Any CPU.ActiveCfg = Release|Any CPU
		{66C9EF65-0DFF-41DF-C506-9BD61AD18551}.Release|Any CPU.Build.0 = Release|Any CPU
		{4B9B8982-F7DA-4680-9C34-6C9E18B3F419}.Debug|Any CPU.ActiveCfg = Debug|Any CPU
		{4B9B8982-F7DA-4680-9C34-6C9E18B3F419}.Debug|Any CPU.Build.0 = Debug|Any CPU
		{4B9B8982-F7DA-4680-9C34-6C9E18B3F419}.Release|Any CPU.ActiveCfg = Release|Any CPU
		{4B9B8982-F7DA-4680-9C34-6C9E18B3F419}.Release|Any CPU.Build.0 = Release|Any CPU
		{E8126250-CCCF-40F3-B08B-A7E6E0923382}.Debug|Any CPU.ActiveCfg = Debug|Any CPU
		{E8126250-CCCF-40F3-B08B-A7E6E0923382}.Debug|Any CPU.Build.0 = Debug|Any CPU
		{E8126250-CCCF-40F3-B08B-A7E6E0923382}.Release|Any CPU.ActiveCfg = Release|Any CPU
		{E8126250-CCCF-40F3-B08B-A7E6E0923382}.Release|Any CPU.Build.0 = Release|Any CPU
	EndGlobalSection
	GlobalSection(SolutionProperties) = preSolution
		HideSolutionNode = FALSE
	EndGlobalSection
	GlobalSection(NestedProjects) = preSolution
		{3BAB1E85-CDD8-4517-B839-12F0AAC5632A} = {18D6BC24-D99B-4E24-914F-078BDBCBF253}
		{BDA58840-B487-47E5-BD7B-A7799D4E117C} = {18D6BC24-D99B-4E24-914F-078BDBCBF253}
		{E6950193-D2F5-421B-9F69-B02125FE28C6} = {18D6BC24-D99B-4E24-914F-078BDBCBF253}
		{16DF1412-E657-84C9-5AF5-1E3353EA88ED} = {02EA681E-C7D8-13C7-8484-4AC65E1B71E8}
		{05A74603-894D-43AD-88F6-31A04694A50D} = {02EA681E-C7D8-13C7-8484-4AC65E1B71E8}
		{02EA681E-C7D8-13C7-8484-4AC65E1B71E8} = {18D6BC24-D99B-4E24-914F-078BDBCBF253}
		{66C9EF65-0DFF-41DF-C506-9BD61AD18551} = {18D6BC24-D99B-4E24-914F-078BDBCBF253}
		{89A16A34-C838-4669-995D-39034410EC90} = {18D6BC24-D99B-4E24-914F-078BDBCBF253}
		{4B9B8982-F7DA-4680-9C34-6C9E18B3F419} = {89A16A34-C838-4669-995D-39034410EC90}
		{E8126250-CCCF-40F3-B08B-A7E6E0923382} = {89A16A34-C838-4669-995D-39034410EC90}
	EndGlobalSection
	GlobalSection(ExtensibilityGlobals) = postSolution
		SolutionGuid = {1D57D747-ABE5-4521-92AB-252980F81179}
	EndGlobalSection
EndGlobal
